
Microsoft Visual Studio Solution File, Format Version 12.00
# Visual Studio Version 17
VisualStudioVersion = 17.0.32014.148
MinimumVisualStudioVersion = 10.0.40219.1
Project("{9A19103F-16F7-4668-BE54-9A1E7A4F7556}") = "KeyBook", "KeyBook\KeyBook.csproj", "{93035D72-557C-4C94-BDD5-B5E7608FA97D}"
	ProjectSection(ProjectDependencies) = postProject
		{098AB9FA-7F16-4BDB-9769-DF0A5E4ACD97} = {098AB9FA-7F16-4BDB-9769-DF0A5E4ACD97}
	EndProjectSection
EndProject
Project("{9A19103F-16F7-4668-BE54-9A1E7A4F7556}") = "KeyBook.Models", "KeyBook.Models\KeyBook.Models.csproj", "{098AB9FA-7F16-4BDB-9769-DF0A5E4ACD97}"
EndProject
Project("{9A19103F-16F7-4668-BE54-9A1E7A4F7556}") = "KeyBook.Services", "KeyBook.Services\KeyBook.Services.csproj", "{8DD5898C-1CCF-460E-A4FB-A84E21754E52}"
EndProject
Project("{9A19103F-16F7-4668-BE54-9A1E7A4F7556}") = "KeyBook.Database", "KeyBook.Database\KeyBook.Database.csproj", "{1876CACC-00AE-4CA3-81D4-8CA2F0179FAC}"
EndProject
Project("{9A19103F-16F7-4668-BE54-9A1E7A4F7556}") = "KeyBook.DataHandling", "KeyBook.DataHandling\KeyBook.DataHandling.csproj", "{07137F36-3889-4AD2-8657-862BFEC67E0A}"
EndProject
Project("{9A19103F-16F7-4668-BE54-9A1E7A4F7556}") = "KeyBook.ViewModels", "KeyBook.ViewModels\KeyBook.ViewModels.csproj", "{71E1DE98-EAB9-4DEF-B2BA-4B0F6FE0A2B4}"
EndProject
Project("{9A19103F-16F7-4668-BE54-9A1E7A4F7556}") = "KeyBook.Permission", "KeyBook.Permission\KeyBook.Permission.csproj", "{2B42324F-65D4-4702-B9B1-9F8D38AB7F58}"
EndProject
Project("{9A19103F-16F7-4668-BE54-9A1E7A4F7556}") = "KeyBook.Constants", "KeyBook.Constants\KeyBook.Constants.csproj", "{797DB2C2-9C88-4784-8CD2-692B74B43B45}"
EndProject
Project("{9A19103F-16F7-4668-BE54-9A1E7A4F7556}") = "KeyBook.Database.Seeds", "KeyBook.Seeds\KeyBook.Database.Seeds.csproj", "{2EBFC7C8-E429-472D-AFC5-2A3BB53D71D6}"
EndProject
Project("{9A19103F-16F7-4668-BE54-9A1E7A4F7556}") = "KeyBook.Security", "KeyBook.Security\KeyBook.Security.csproj", "{3027132E-6943-4A4E-BE56-822920A3640A}"
EndProject
Project("{FAE04EC0-301F-11D3-BF4B-00C04F79EFBC}") = "KeyBook.Database.Migrations", "KeyBook.Database.Migrations\KeyBook.Database.Migrations.csproj", "{3D589AB6-8D97-48FA-B594-6159F9CF7A86}"
EndProject
Global
	GlobalSection(SolutionConfigurationPlatforms) = preSolution
		Debug|Any CPU = Debug|Any CPU
		Release|Any CPU = Release|Any CPU
	EndGlobalSection
	GlobalSection(ProjectConfigurationPlatforms) = postSolution
		{93035D72-557C-4C94-BDD5-B5E7608FA97D}.Debug|Any CPU.ActiveCfg = Debug|Any CPU
		{93035D72-557C-4C94-BDD5-B5E7608FA97D}.Debug|Any CPU.Build.0 = Debug|Any CPU
		{93035D72-557C-4C94-BDD5-B5E7608FA97D}.Release|Any CPU.ActiveCfg = Release|Any CPU
		{93035D72-557C-4C94-BDD5-B5E7608FA97D}.Release|Any CPU.Build.0 = Release|Any CPU
		{098AB9FA-7F16-4BDB-9769-DF0A5E4ACD97}.Debug|Any CPU.ActiveCfg = Debug|Any CPU
		{098AB9FA-7F16-4BDB-9769-DF0A5E4ACD97}.Debug|Any CPU.Build.0 = Debug|Any CPU
		{098AB9FA-7F16-4BDB-9769-DF0A5E4ACD97}.Release|Any CPU.ActiveCfg = Release|Any CPU
		{098AB9FA-7F16-4BDB-9769-DF0A5E4ACD97}.Release|Any CPU.Build.0 = Release|Any CPU
		{8DD5898C-1CCF-460E-A4FB-A84E21754E52}.Debug|Any CPU.ActiveCfg = Debug|Any CPU
		{8DD5898C-1CCF-460E-A4FB-A84E21754E52}.Debug|Any CPU.Build.0 = Debug|Any CPU
		{8DD5898C-1CCF-460E-A4FB-A84E21754E52}.Release|Any CPU.ActiveCfg = Release|Any CPU
		{8DD5898C-1CCF-460E-A4FB-A84E21754E52}.Release|Any CPU.Build.0 = Release|Any CPU
		{1876CACC-00AE-4CA3-81D4-8CA2F0179FAC}.Debug|Any CPU.ActiveCfg = Debug|Any CPU
		{1876CACC-00AE-4CA3-81D4-8CA2F0179FAC}.Debug|Any CPU.Build.0 = Debug|Any CPU
		{1876CACC-00AE-4CA3-81D4-8CA2F0179FAC}.Release|Any CPU.ActiveCfg = Release|Any CPU
		{1876CACC-00AE-4CA3-81D4-8CA2F0179FAC}.Release|Any CPU.Build.0 = Release|Any CPU
		{07137F36-3889-4AD2-8657-862BFEC67E0A}.Debug|Any CPU.ActiveCfg = Debug|Any CPU
		{07137F36-3889-4AD2-8657-862BFEC67E0A}.Debug|Any CPU.Build.0 = Debug|Any CPU
		{07137F36-3889-4AD2-8657-862BFEC67E0A}.Release|Any CPU.ActiveCfg = Release|Any CPU
		{07137F36-3889-4AD2-8657-862BFEC67E0A}.Release|Any CPU.Build.0 = Release|Any CPU
		{71E1DE98-EAB9-4DEF-B2BA-4B0F6FE0A2B4}.Debug|Any CPU.ActiveCfg = Debug|Any CPU
		{71E1DE98-EAB9-4DEF-B2BA-4B0F6FE0A2B4}.Debug|Any CPU.Build.0 = Debug|Any CPU
		{71E1DE98-EAB9-4DEF-B2BA-4B0F6FE0A2B4}.Release|Any CPU.ActiveCfg = Release|Any CPU
		{71E1DE98-EAB9-4DEF-B2BA-4B0F6FE0A2B4}.Release|Any CPU.Build.0 = Release|Any CPU
		{2B42324F-65D4-4702-B9B1-9F8D38AB7F58}.Debug|Any CPU.ActiveCfg = Debug|Any CPU
		{2B42324F-65D4-4702-B9B1-9F8D38AB7F58}.Debug|Any CPU.Build.0 = Debug|Any CPU
		{2B42324F-65D4-4702-B9B1-9F8D38AB7F58}.Release|Any CPU.ActiveCfg = Release|Any CPU
		{2B42324F-65D4-4702-B9B1-9F8D38AB7F58}.Release|Any CPU.Build.0 = Release|Any CPU
		{797DB2C2-9C88-4784-8CD2-692B74B43B45}.Debug|Any CPU.ActiveCfg = Debug|Any CPU
		{797DB2C2-9C88-4784-8CD2-692B74B43B45}.Debug|Any CPU.Build.0 = Debug|Any CPU
		{797DB2C2-9C88-4784-8CD2-692B74B43B45}.Release|Any CPU.ActiveCfg = Release|Any CPU
		{797DB2C2-9C88-4784-8CD2-692B74B43B45}.Release|Any CPU.Build.0 = Release|Any CPU
		{2EBFC7C8-E429-472D-AFC5-2A3BB53D71D6}.Debug|Any CPU.ActiveCfg = Debug|Any CPU
		{2EBFC7C8-E429-472D-AFC5-2A3BB53D71D6}.Debug|Any CPU.Build.0 = Debug|Any CPU
		{2EBFC7C8-E429-472D-AFC5-2A3BB53D71D6}.Release|Any CPU.ActiveCfg = Release|Any CPU
		{2EBFC7C8-E429-472D-AFC5-2A3BB53D71D6}.Release|Any CPU.Build.0 = Release|Any CPU
		{3027132E-6943-4A4E-BE56-822920A3640A}.Debug|Any CPU.ActiveCfg = Debug|Any CPU
		{3027132E-6943-4A4E-BE56-822920A3640A}.Debug|Any CPU.Build.0 = Debug|Any CPU
		{3027132E-6943-4A4E-BE56-822920A3640A}.Release|Any CPU.ActiveCfg = Release|Any CPU
		{3027132E-6943-4A4E-BE56-822920A3640A}.Release|Any CPU.Build.0 = Release|Any CPU
		{3D589AB6-8D97-48FA-B594-6159F9CF7A86}.Debug|Any CPU.ActiveCfg = Debug|Any CPU
		{3D589AB6-8D97-48FA-B594-6159F9CF7A86}.Debug|Any CPU.Build.0 = Debug|Any CPU
		{3D589AB6-8D97-48FA-B594-6159F9CF7A86}.Release|Any CPU.ActiveCfg = Release|Any CPU
		{3D589AB6-8D97-48FA-B594-6159F9CF7A86}.Release|Any CPU.Build.0 = Release|Any CPU
	EndGlobalSection
	GlobalSection(SolutionProperties) = preSolution
		HideSolutionNode = FALSE
	EndGlobalSection
	GlobalSection(ExtensibilityGlobals) = postSolution
		SolutionGuid = {E17B08F7-53D5-433D-9DEE-6097E2044AAF}
	EndGlobalSection
EndGlobal
